// !$*UTF8*$!
{
	archiveVersion = 1;
	classes = {
	};
	objectVersion = 48;
	objects = {

/* Begin PBXBuildFile section */
		C2265D531FA2D71D00674FFF /* Keys.plist in Resources */ = {isa = PBXBuildFile; fileRef = C2265D521FA2D71D00674FFF /* Keys.plist */; };
		C24078271F981F93007E56B0 /* AppDelegate.m in Sources */ = {isa = PBXBuildFile; fileRef = C24078261F981F93007E56B0 /* AppDelegate.m */; };
		C240782A1F981F93007E56B0 /* ViewController.m in Sources */ = {isa = PBXBuildFile; fileRef = C24078291F981F93007E56B0 /* ViewController.m */; };
		C240782D1F981F93007E56B0 /* Main.storyboard in Resources */ = {isa = PBXBuildFile; fileRef = C240782B1F981F93007E56B0 /* Main.storyboard */; };
		C240782F1F981F93007E56B0 /* Assets.xcassets in Resources */ = {isa = PBXBuildFile; fileRef = C240782E1F981F93007E56B0 /* Assets.xcassets */; };
		C24078321F981F93007E56B0 /* LaunchScreen.storyboard in Resources */ = {isa = PBXBuildFile; fileRef = C24078301F981F93007E56B0 /* LaunchScreen.storyboard */; };
		C24078351F981F93007E56B0 /* main.m in Sources */ = {isa = PBXBuildFile; fileRef = C24078341F981F93007E56B0 /* main.m */; };
/* End PBXBuildFile section */

/* Begin PBXFileReference section */
		C2265D521FA2D71D00674FFF /* Keys.plist */ = {isa = PBXFileReference; lastKnownFileType = text.plist.xml; path = Keys.plist; sourceTree = "<group>"; };
		C24078221F981F93007E56B0 /* MemregTestApplication.app */ = {isa = PBXFileReference; explicitFileType = wrapper.application; includeInIndex = 0; path = MemregTestApplication.app; sourceTree = BUILT_PRODUCTS_DIR; };
		C24078251F981F93007E56B0 /* AppDelegate.h */ = {isa = PBXFileReference; lastKnownFileType = sourcecode.c.h; path = AppDelegate.h; sourceTree = "<group>"; };
		C24078261F981F93007E56B0 /* AppDelegate.m */ = {isa = PBXFileReference; lastKnownFileType = sourcecode.c.objc; path = AppDelegate.m; sourceTree = "<group>"; };
		C24078281F981F93007E56B0 /* ViewController.h */ = {isa = PBXFileReference; lastKnownFileType = sourcecode.c.h; path = ViewController.h; sourceTree = "<group>"; };
		C24078291F981F93007E56B0 /* ViewController.m */ = {isa = PBXFileReference; lastKnownFileType = sourcecode.c.objc; path = ViewController.m; sourceTree = "<group>"; };
		C240782C1F981F93007E56B0 /* Base */ = {isa = PBXFileReference; lastKnownFileType = file.storyboard; name = Base; path = Base.lproj/Main.storyboard; sourceTree = "<group>"; };
		C240782E1F981F93007E56B0 /* Assets.xcassets */ = {isa = PBXFileReference; lastKnownFileType = folder.assetcatalog; path = Assets.xcassets; sourceTree = "<group>"; };
		C24078311F981F93007E56B0 /* Base */ = {isa = PBXFileReference; lastKnownFileType = file.storyboard; name = Base; path = Base.lproj/LaunchScreen.storyboard; sourceTree = "<group>"; };
		C24078331F981F93007E56B0 /* Info.plist */ = {isa = PBXFileReference; lastKnownFileType = text.plist.xml; path = Info.plist; sourceTree = "<group>"; };
		C24078341F981F93007E56B0 /* main.m */ = {isa = PBXFileReference; lastKnownFileType = sourcecode.c.objc; path = main.m; sourceTree = "<group>"; };
/* End PBXFileReference section */

/* Begin PBXFrameworksBuildPhase section */
		C240781F1F981F93007E56B0 /* Frameworks */ = {
			isa = PBXFrameworksBuildPhase;
			buildActionMask = 2147483647;
			files = (
			);
			runOnlyForDeploymentPostprocessing = 0;
		};
/* End PBXFrameworksBuildPhase section */

/* Begin PBXGroup section */
		C24078191F981F93007E56B0 = {
			isa = PBXGroup;
			children = (
				C24078241F981F93007E56B0 /* MemregTestApplication */,
				C24078231F981F93007E56B0 /* Products */,
			);
			sourceTree = "<group>";
		};
		C24078231F981F93007E56B0 /* Products */ = {
			isa = PBXGroup;
			children = (
				C24078221F981F93007E56B0 /* MemregTestApplication.app */,
			);
			name = Products;
			sourceTree = "<group>";
		};
		C24078241F981F93007E56B0 /* MemregTestApplication */ = {
			isa = PBXGroup;
			children = (
				C24078251F981F93007E56B0 /* AppDelegate.h */,
				C24078261F981F93007E56B0 /* AppDelegate.m */,
				C24078281F981F93007E56B0 /* ViewController.h */,
				C24078291F981F93007E56B0 /* ViewController.m */,
				C240782B1F981F93007E56B0 /* Main.storyboard */,
				C240782E1F981F93007E56B0 /* Assets.xcassets */,
				C24078301F981F93007E56B0 /* LaunchScreen.storyboard */,
				C24078331F981F93007E56B0 /* Info.plist */,
				C24078341F981F93007E56B0 /* main.m */,
				C2265D521FA2D71D00674FFF /* Keys.plist */,
			);
			path = MemregTestApplication;
			sourceTree = "<group>";
		};
/* End PBXGroup section */

/* Begin PBXNativeTarget section */
		C24078211F981F93007E56B0 /* MemregTestApplication */ = {
			isa = PBXNativeTarget;
			buildConfigurationList = C24078381F981F93007E56B0 /* Build configuration list for PBXNativeTarget "MemregTestApplication" */;
			buildPhases = (
				C240781E1F981F93007E56B0 /* Sources */,
				C240781F1F981F93007E56B0 /* Frameworks */,
				C24078201F981F93007E56B0 /* Resources */,
			);
			buildRules = (
			);
			dependencies = (
			);
			name = MemregTestApplication;
			productName = MemregTestApplication;
			productReference = C24078221F981F93007E56B0 /* MemregTestApplication.app */;
			productType = "com.apple.product-type.application";
		};
/* End PBXNativeTarget section */

/* Begin PBXProject section */
		C240781A1F981F93007E56B0 /* Project object */ = {
			isa = PBXProject;
			attributes = {
				LastUpgradeCheck = 0900;
				ORGANIZATIONNAME = "이지은";
				TargetAttributes = {
					C24078211F981F93007E56B0 = {
						CreatedOnToolsVersion = 9.0;
						ProvisioningStyle = Automatic;
					};
				};
			};
			buildConfigurationList = C240781D1F981F93007E56B0 /* Build configuration list for PBXProject "MemregTestApplication" */;
			compatibilityVersion = "Xcode 8.0";
			developmentRegion = en;
			hasScannedForEncodings = 0;
			knownRegions = (
				en,
				Base,
			);
			mainGroup = C24078191F981F93007E56B0;
			productRefGroup = C24078231F981F93007E56B0 /* Products */;
			projectDirPath = "";
			projectRoot = "";
			targets = (
				C24078211F981F93007E56B0 /* MemregTestApplication */,
			);
		};
/* End PBXProject section */

/* Begin PBXResourcesBuildPhase section */
		C24078201F981F93007E56B0 /* Resources */ = {
			isa = PBXResourcesBuildPhase;
			buildActionMask = 2147483647;
			files = (
				C2265D531FA2D71D00674FFF /* Keys.plist in Resources */,
				C24078321F981F93007E56B0 /* LaunchScreen.storyboard in Resources */,
				C240782F1F981F93007E56B0 /* Assets.xcassets in Resources */,
				C240782D1F981F93007E56B0 /* Main.storyboard in Resources */,
			);
			runOnlyForDeploymentPostprocessing = 0;
		};
/* End PBXResourcesBuildPhase section */

/* Begin PBXSourcesBuildPhase section */
		C240781E1F981F93007E56B0 /* Sources */ = {
			isa = PBXSourcesBuildPhase;
			buildActionMask = 2147483647;
			files = (
				C240782A1F981F93007E56B0 /* ViewController.m in Sources */,
				C24078351F981F93007E56B0 /* main.m in Sources */,
				C24078271F981F93007E56B0 /* AppDelegate.m in Sources */,
			);
			runOnlyForDeploymentPostprocessing = 0;
		};
/* End PBXSourcesBuildPhase section */

/* Begin PBXVariantGroup section */
		C240782B1F981F93007E56B0 /* Main.storyboard */ = {
			isa = PBXVariantGroup;
			children = (
				C240782C1F981F93007E56B0 /* Base */,
			);
			name = Main.storyboard;
			sourceTree = "<group>";
		};
		C24078301F981F93007E56B0 /* LaunchScreen.storyboard */ = {
			isa = PBXVariantGroup;
			children = (
				C24078311F981F93007E56B0 /* Base */,
			);
			name = LaunchScreen.storyboard;
			sourceTree = "<group>";
		};
/* End PBXVariantGroup section */

/* Begin XCBuildConfiguration section */
		C24078361F981F93007E56B0 /* Debug */ = {
			isa = XCBuildConfiguration;
			buildSettings = {
				ALWAYS_SEARCH_USER_PATHS = NO;
				CLANG_ANALYZER_NONNULL = YES;
				CLANG_ANALYZER_NUMBER_OBJECT_CONVERSION = YES_AGGRESSIVE;
				CLANG_CXX_LANGUAGE_STANDARD = "gnu++14";
				CLANG_CXX_LIBRARY = "libc++";
				CLANG_ENABLE_MODULES = YES;
				CLANG_ENABLE_OBJC_ARC = YES;
				CLANG_WARN_BLOCK_CAPTURE_AUTORELEASING = YES;
				CLANG_WARN_BOOL_CONVERSION = YES;
				CLANG_WARN_COMMA = YES;
				CLANG_WARN_CONSTANT_CONVERSION = YES;
				CLANG_WARN_DIRECT_OBJC_ISA_USAGE = YES_ERROR;
				CLANG_WARN_DOCUMENTATION_COMMENTS = YES;
				CLANG_WARN_EMPTY_BODY = YES;
				CLANG_WARN_ENUM_CONVERSION = YES;
				CLANG_WARN_INFINITE_RECURSION = YES;
				CLANG_WARN_INT_CONVERSION = YES;
				CLANG_WARN_NON_LITERAL_NULL_CONVERSION = YES;
				CLANG_WARN_OBJC_LITERAL_CONVERSION = YES;
				CLANG_WARN_OBJC_ROOT_CLASS = YES_ERROR;
				CLANG_WARN_RANGE_LOOP_ANALYSIS = YES;
				CLANG_WARN_STRICT_PROTOTYPES = YES;
				CLANG_WARN_SUSPICIOUS_MOVE = YES;
				CLANG_WARN_UNGUARDED_AVAILABILITY = YES_AGGRESSIVE;
				CLANG_WARN_UNREACHABLE_CODE = YES;
				CLANG_WARN__DUPLICATE_METHOD_MATCH = YES;
				CODE_SIGN_IDENTITY = "iPhone Developer";
				COPY_PHASE_STRIP = NO;
				DEBUG_INFORMATION_FORMAT = dwarf;
				ENABLE_STRICT_OBJC_MSGSEND = YES;
				ENABLE_TESTABILITY = YES;
				GCC_C_LANGUAGE_STANDARD = gnu11;
				GCC_DYNAMIC_NO_PIC = NO;
				GCC_NO_COMMON_BLOCKS = YES;
				GCC_OPTIMIZATION_LEVEL = 0;
				GCC_PREPROCESSOR_DEFINITIONS = (
					"DEBUG=1",
					"$(inherited)",
				);
				GCC_WARN_64_TO_32_BIT_CONVERSION = YES;
				GCC_WARN_ABOUT_RETURN_TYPE = YES_ERROR;
				GCC_WARN_UNDECLARED_SELECTOR = YES;
				GCC_WARN_UNINITIALIZED_AUTOS = YES_AGGRESSIVE;
				GCC_WARN_UNUSED_FUNCTION = YES;
				GCC_WARN_UNUSED_VARIABLE = YES;
				IPHONEOS_DEPLOYMENT_TARGET = 11.0;
				MTL_ENABLE_DEBUG_INFO = YES;
				ONLY_ACTIVE_ARCH = YES;
				SDKROOT = iphoneos;
			};
			name = Debug;
		};
		C24078371F981F93007E56B0 /* Release */ = {
			isa = XCBuildConfiguration;
			buildSettings = {
				ALWAYS_SEARCH_USER_PATHS = NO;
				CLANG_ANALYZER_NONNULL = YES;
				CLANG_ANALYZER_NUMBER_OBJECT_CONVERSION = YES_AGGRESSIVE;
				CLANG_CXX_LANGUAGE_STANDARD = "gnu++14";
				CLANG_CXX_LIBRARY = "libc++";
				CLANG_ENABLE_MODULES = YES;
				CLANG_ENABLE_OBJC_ARC = YES;
				CLANG_WARN_BLOCK_CAPTURE_AUTORELEASING = YES;
				CLANG_WARN_BOOL_CONVERSION = YES;
				CLANG_WARN_COMMA = YES;
				CLANG_WARN_CONSTANT_CONVERSION = YES;
				CLANG_WARN_DIRECT_OBJC_ISA_USAGE = YES_ERROR;
				CLANG_WARN_DOCUMENTATION_COMMENTS = YES;
				CLANG_WARN_EMPTY_BODY = YES;
				CLANG_WARN_ENUM_CONVERSION = YES;
				CLANG_WARN_INFINITE_RECURSION = YES;
				CLANG_WARN_INT_CONVERSION = YES;
				CLANG_WARN_NON_LITERAL_NULL_CONVERSION = YES;
				CLANG_WARN_OBJC_LITERAL_CONVERSION = YES;
				CLANG_WARN_OBJC_ROOT_CLASS = YES_ERROR;
				CLANG_WARN_RANGE_LOOP_ANALYSIS = YES;
				CLANG_WARN_STRICT_PROTOTYPES = YES;
				CLANG_WARN_SUSPICIOUS_MOVE = YES;
				CLANG_WARN_UNGUARDED_AVAILABILITY = YES_AGGRESSIVE;
				CLANG_WARN_UNREACHABLE_CODE = YES;
				CLANG_WARN__DUPLICATE_METHOD_MATCH = YES;
				CODE_SIGN_IDENTITY = "iPhone Developer";
				COPY_PHASE_STRIP = NO;
				DEBUG_INFORMATION_FORMAT = "dwarf-with-dsym";
				ENABLE_NS_ASSERTIONS = NO;
				ENABLE_STRICT_OBJC_MSGSEND = YES;
				GCC_C_LANGUAGE_STANDARD = gnu11;
				GCC_NO_COMMON_BLOCKS = YES;
				GCC_WARN_64_TO_32_BIT_CONVERSION = YES;
				GCC_WARN_ABOUT_RETURN_TYPE = YES_ERROR;
				GCC_WARN_UNDECLARED_SELECTOR = YES;
				GCC_WARN_UNINITIALIZED_AUTOS = YES_AGGRESSIVE;
				GCC_WARN_UNUSED_FUNCTION = YES;
				GCC_WARN_UNUSED_VARIABLE = YES;
				IPHONEOS_DEPLOYMENT_TARGET = 11.0;
				MTL_ENABLE_DEBUG_INFO = NO;
				SDKROOT = iphoneos;
				VALIDATE_PRODUCT = YES;
			};
			name = Release;
		};
		C24078391F981F93007E56B0 /* Debug */ = {
			isa = XCBuildConfiguration;
			buildSettings = {
				ASSETCATALOG_COMPILER_APPICON_NAME = AppIcon;
				"CODE_SIGN_IDENTITY[sdk=iphoneos*]" = "iPhone Developer";
				CODE_SIGN_STYLE = Automatic;
				DEVELOPMENT_TEAM = WD3FZRUT4U;
				INFOPLIST_FILE = MemregTestApplication/Info.plist;
				LD_RUNPATH_SEARCH_PATHS = "$(inherited) @executable_path/Frameworks";
				PRODUCT_BUNDLE_IDENTIFIER = a.b.MemregTestApplication;
				PRODUCT_NAME = "$(TARGET_NAME)";
				PROVISIONING_PROFILE = "";
				PROVISIONING_PROFILE_SPECIFIER = "";
				TARGETED_DEVICE_FAMILY = "1,2";
			};
			name = Debug;
		};
		C240783A1F981F93007E56B0 /* Release */ = {
			isa = XCBuildConfiguration;
			buildSettings = {
				ASSETCATALOG_COMPILER_APPICON_NAME = AppIcon;
				"CODE_SIGN_IDENTITY[sdk=iphoneos*]" = "iPhone Developer";
				CODE_SIGN_STYLE = Automatic;
				DEVELOPMENT_TEAM = WD3FZRUT4U;
				INFOPLIST_FILE = MemregTestApplication/Info.plist;
				LD_RUNPATH_SEARCH_PATHS = "$(inherited) @executable_path/Frameworks";
				PRODUCT_BUNDLE_IDENTIFIER = a.b.MemregTestApplication;
				PRODUCT_NAME = "$(TARGET_NAME)";
				PROVISIONING_PROFILE = "";
				PROVISIONING_PROFILE_SPECIFIER = "";
				TARGETED_DEVICE_FAMILY = "1,2";
			};
			name = Release;
		};
/* End XCBuildConfiguration section */

/* Begin XCConfigurationList section */
		C240781D1F981F93007E56B0 /* Build configuration list for PBXProject "MemregTestApplication" */ = {
			isa = XCConfigurationList;
			buildConfigurations = (
				C24078361F981F93007E56B0 /* Debug */,
				C24078371F981F93007E56B0 /* Release */,
			);
			defaultConfigurationIsVisible = 0;
			defaultConfigurationName = Release;
		};
		C24078381F981F93007E56B0 /* Build configuration list for PBXNativeTarget "MemregTestApplication" */ = {
			isa = XCConfigurationList;
			buildConfigurations = (
				C24078391F981F93007E56B0 /* Debug */,
				C240783A1F981F93007E56B0 /* Release */,
			);
			defaultConfigurationIsVisible = 0;
			defaultConfigurationName = Release;
		};
/* End XCConfigurationList section */
	};
	rootObject = C240781A1F981F93007E56B0 /* Project object */;
}
